// !$*UTF8*$!
{
	archiveVersion = 1;
	classes = {
	};
	objectVersion = 56;
	objects = {

/* Begin PBXBuildFile section */
		A1234567890ABCDEF01234567 /* biomaTIMERApp.swift in Sources */ = {isa = PBXBuildFile; fileRef = B1234567890ABCDEF01234567 /* biomaTIMERApp.swift */; };
		A1234567890ABCDEF01234568 /* ContentView.swift in Sources */ = {isa = PBXBuildFile; fileRef = B1234567890ABCDEF01234568 /* ContentView.swift */; };
		A1234567890ABCDEF01234569 /* TimerModel.swift in Sources */ = {isa = PBXBuildFile; fileRef = B1234567890ABCDEF01234569 /* TimerModel.swift */; };
		A1234567890ABCDEF0123456A /* TimerService.swift in Sources */ = {isa = PBXBuildFile; fileRef = B1234567890ABCDEF0123456A /* TimerService.swift */; };
		A1234567890ABCDEF0123456B /* PersistenceController.swift in Sources */ = {isa = PBXBuildFile; fileRef = B1234567890ABCDEF0123456B /* PersistenceController.swift */; };
		A1234567890ABCDEF0123456C /* BackgroundTaskService.swift in Sources */ = {isa = PBXBuildFile; fileRef = B1234567890ABCDEF0123456C /* BackgroundTaskService.swift */; };
		A1234567890ABCDEF0123456D /* MainTimerView.swift in Sources */ = {isa = PBXBuildFile; fileRef = B1234567890ABCDEF0123456D /* MainTimerView.swift */; };
		A1234567890ABCDEF0123456E /* ProjectEditorView.swift in Sources */ = {isa = PBXBuildFile; fileRef = B1234567890ABCDEF0123456E /* ProjectEditorView.swift */; };
		A1234567890ABCDEF0123456F /* HistoryView.swift in Sources */ = {isa = PBXBuildFile; fileRef = B1234567890ABCDEF0123456F /* HistoryView.swift */; };
		A1234567890ABCDEF01234570 /* SettingsView.swift in Sources */ = {isa = PBXBuildFile; fileRef = B1234567890ABCDEF01234570 /* SettingsView.swift */; };
		A1234567890ABCDEF01234571 /* Date+Extensions.swift in Sources */ = {isa = PBXBuildFile; fileRef = B1234567890ABCDEF01234571 /* Date+Extensions.swift */; };
		A1234567890ABCDEF01234572 /* Assets.xcassets in Resources */ = {isa = PBXBuildFile; fileRef = B1234567890ABCDEF01234572 /* Assets.xcassets */; };
		A1234567890ABCDEF01234573 /* Preview Assets.xcassets in Resources */ = {isa = PBXBuildFile; fileRef = B1234567890ABCDEF01234573 /* Preview Assets.xcassets */; };
		A1234567890ABCDEF01234574 /* DataModel.xcdatamodeld in Sources */ = {isa = PBXBuildFile; fileRef = B1234567890ABCDEF01234574 /* DataModel.xcdatamodeld */; };
		A1234567890ABCDEF01234575 /* biomaTIMERTests.swift in Sources */ = {isa = PBXBuildFile; fileRef = B1234567890ABCDEF01234575 /* biomaTIMERTests.swift */; };
		A1234567890ABCDEF01234576 /* biomaTIMERUITests.swift in Sources */ = {isa = PBXBuildFile; fileRef = B1234567890ABCDEF01234576 /* biomaTIMERUITests.swift */; };
		A1234567890ABCDEF01234577 /* biomaTIMERUITestsLaunchTests.swift in Sources */ = {isa = PBXBuildFile; fileRef = B1234567890ABCDEF01234577 /* biomaTIMERUITestsLaunchTests.swift */; };
/* End PBXBuildFile section */

/* Begin PBXContainerItemProxy section */
		C1234567890ABCDEF01234567 /* PBXContainerItemProxy */ = {
			isa = PBXContainerItemProxy;
			containerPortal = D1234567890ABCDEF01234567 /* Project object */;
			proxyType = 1;
			remoteGlobalIDString = E1234567890ABCDEF01234567;
			remoteInfo = biomaTIMER;
		};
		C1234567890ABCDEF01234568 /* PBXContainerItemProxy */ = {
			isa = PBXContainerItemProxy;
			containerPortal = D1234567890ABCDEF01234567 /* Project object */;
			proxyType = 1;
			remoteGlobalIDString = E1234567890ABCDEF01234567;
			remoteInfo = biomaTIMER;
		};
/* End PBXContainerItemProxy section */

/* Begin PBXFileReference section */
		B1234567890ABCDEF01234567 /* biomaTIMERApp.swift */ = {isa = PBXFileReference; lastKnownFileType = sourcecode.swift; path = biomaTIMERApp.swift; sourceTree = "<group>"; };
		B1234567890ABCDEF01234568 /* ContentView.swift */ = {isa = PBXFileReference; lastKnownFileType = sourcecode.swift; path = ContentView.swift; sourceTree = "<group>"; };
		B1234567890ABCDEF01234569 /* TimerModel.swift */ = {isa = PBXFileReference; lastKnownFileType = sourcecode.swift; path = TimerModel.swift; sourceTree = "<group>"; };
		B1234567890ABCDEF0123456A /* TimerService.swift */ = {isa = PBXFileReference; lastKnownFileType = sourcecode.swift; path = TimerService.swift; sourceTree = "<group>"; };
		B1234567890ABCDEF0123456B /* PersistenceController.swift */ = {isa = PBXFileReference; lastKnownFileType = sourcecode.swift; path = PersistenceController.swift; sourceTree = "<group>"; };
		B1234567890ABCDEF0123456C /* BackgroundTaskService.swift */ = {isa = PBXFileReference; lastKnownFileType = sourcecode.swift; path = BackgroundTaskService.swift; sourceTree = "<group>"; };
		B1234567890ABCDEF0123456D /* MainTimerView.swift */ = {isa = PBXFileReference; lastKnownFileType = sourcecode.swift; path = MainTimerView.swift; sourceTree = "<group>"; };
		B1234567890ABCDEF0123456E /* ProjectEditorView.swift */ = {isa = PBXFileReference; lastKnownFileType = sourcecode.swift; path = ProjectEditorView.swift; sourceTree = "<group>"; };
		B1234567890ABCDEF0123456F /* HistoryView.swift */ = {isa = PBXFileReference; lastKnownFileType = sourcecode.swift; path = HistoryView.swift; sourceTree = "<group>"; };
		B1234567890ABCDEF01234570 /* SettingsView.swift */ = {isa = PBXFileReference; lastKnownFileType = sourcecode.swift; path = SettingsView.swift; sourceTree = "<group>"; };
		B1234567890ABCDEF01234571 /* Date+Extensions.swift */ = {isa = PBXFileReference; lastKnownFileType = sourcecode.swift; path = "Date+Extensions.swift"; sourceTree = "<group>"; };
		B1234567890ABCDEF01234572 /* Assets.xcassets */ = {isa = PBXFileReference; lastKnownFileType = folder.assetcatalog; path = Assets.xcassets; sourceTree = "<group>"; };
		B1234567890ABCDEF01234573 /* Preview Assets.xcassets */ = {isa = PBXFileReference; lastKnownFileType = folder.assetcatalog; path = "Preview Assets.xcassets"; sourceTree = "<group>"; };
		B1234567890ABCDEF01234574 /* DataModel.xcdatamodeld */ = {isa = PBXFileReference; lastKnownFileType = wrapper.xcdatamodel; path = DataModel.xcdatamodeld; sourceTree = "<group>"; };
		B1234567890ABCDEF01234575 /* biomaTIMERTests.swift */ = {isa = PBXFileReference; lastKnownFileType = sourcecode.swift; path = biomaTIMERTests.swift; sourceTree = "<group>"; };
		B1234567890ABCDEF01234576 /* biomaTIMERUITests.swift */ = {isa = PBXFileReference; lastKnownFileType = sourcecode.swift; path = biomaTIMERUITests.swift; sourceTree = "<group>"; };
		B1234567890ABCDEF01234577 /* biomaTIMERUITestsLaunchTests.swift */ = {isa = PBXFileReference; lastKnownFileType = sourcecode.swift; path = biomaTIMERUITestsLaunchTests.swift; sourceTree = "<group>"; };
		B1234567890ABCDEF01234578 /* Info.plist */ = {isa = PBXFileReference; lastKnownFileType = text.plist.xml; path = Info.plist; sourceTree = "<group>"; };
		K1234567890ABCDEF01234567 /* DataModel.xcdatamodel */ = {isa = PBXFileReference; lastKnownFileType = wrapper.xcdatamodel; path = DataModel.xcdatamodel; sourceTree = "<group>"; };
		E1234567890ABCDEF01234567 /* biomaTIMER.app */ = {isa = PBXFileReference; explicitFileType = wrapper.application; includeInIndex = 0; path = biomaTIMER.app; sourceTree = BUILT_PRODUCTS_DIR; };
		E1234567890ABCDEF01234568 /* biomaTIMERTests.xctest */ = {isa = PBXFileReference; explicitFileType = wrapper.cfbundle; includeInIndex = 0; path = biomaTIMERTests.xctest; sourceTree = BUILT_PRODUCTS_DIR; };
		E1234567890ABCDEF01234569 /* biomaTIMERUITests.xctest */ = {isa = PBXFileReference; explicitFileType = wrapper.cfbundle; includeInIndex = 0; path = biomaTIMERUITests.xctest; sourceTree = BUILT_PRODUCTS_DIR; };
/* End PBXFileReference section */

/* Begin PBXFrameworksBuildPhase section */
		F1234567890ABCDEF01234567 /* Frameworks */ = {
			isa = PBXFrameworksBuildPhase;
			buildActionMask = 2147483647;
			files = (
			);
			runOnlyForDeploymentPostprocessing = 0;
		};
		F1234567890ABCDEF01234568 /* Frameworks */ = {
			isa = PBXFrameworksBuildPhase;
			buildActionMask = 2147483647;
			files = (
			);
			runOnlyForDeploymentPostprocessing = 0;
		};
		F1234567890ABCDEF01234569 /* Frameworks */ = {
			isa = PBXFrameworksBuildPhase;
			buildActionMask = 2147483647;
			files = (
			);
			runOnlyForDeploymentPostprocessing = 0;
		};
/* End PBXFrameworksBuildPhase section */

/* Begin PBXGroup section */
		G1234567890ABCDEF01234567 = {
			isa = PBXGroup;
			children = (
				G1234567890ABCDEF01234568 /* biomaTIMER */,
				G1234567890ABCDEF01234569 /* biomaTIMERTests */,
				G1234567890ABCDEF0123456A /* biomaTIMERUITests */,
				G1234567890ABCDEF0123456B /* Products */,
			);
			sourceTree = "<group>";
		};
		G1234567890ABCDEF01234568 /* biomaTIMER */ = {
			isa = PBXGroup;
			children = (
				B1234567890ABCDEF01234578 /* Info.plist */,
				B1234567890ABCDEF01234567 /* biomaTIMERApp.swift */,
				B1234567890ABCDEF01234568 /* ContentView.swift */,
				G1234567890ABCDEF0123456C /* Models */,
				G1234567890ABCDEF0123456D /* Views */,
				G1234567890ABCDEF0123456E /* Services */,
				G1234567890ABCDEF0123456F /* Extensions */,
				B1234567890ABCDEF01234572 /* Assets.xcassets */,
				B1234567890ABCDEF01234574 /* DataModel.xcdatamodeld */,
				G1234567890ABCDEF01234570 /* Preview Content */,
			);
			path = biomaTIMER;
			sourceTree = "<group>";
		};
		G1234567890ABCDEF01234569 /* biomaTIMERTests */ = {
			isa = PBXGroup;
			children = (
				B1234567890ABCDEF01234575 /* biomaTIMERTests.swift */,
			);
			path = biomaTIMERTests;
			sourceTree = "<group>";
		};
		G1234567890ABCDEF0123456A /* biomaTIMERUITests */ = {
			isa = PBXGroup;
			children = (
				B1234567890ABCDEF01234576 /* biomaTIMERUITests.swift */,
				B1234567890ABCDEF01234577 /* biomaTIMERUITestsLaunchTests.swift */,
			);
			path = biomaTIMERUITests;
			sourceTree = "<group>";
		};
		G1234567890ABCDEF0123456B /* Products */ = {
			isa = PBXGroup;
			children = (
				E1234567890ABCDEF01234567 /* biomaTIMER.app */,
				E1234567890ABCDEF01234568 /* biomaTIMERTests.xctest */,
				E1234567890ABCDEF01234569 /* biomaTIMERUITests.xctest */,
			);
			name = Products;
			sourceTree = "<group>";
		};
		G1234567890ABCDEF0123456C /* Models */ = {
			isa = PBXGroup;
			children = (
				B1234567890ABCDEF01234569 /* TimerModel.swift */,
			);
			path = Models;
			sourceTree = "<group>";
		};
		G1234567890ABCDEF0123456D /* Views */ = {
			isa = PBXGroup;
			children = (
				B1234567890ABCDEF0123456D /* MainTimerView.swift */,
				B1234567890ABCDEF0123456E /* ProjectEditorView.swift */,
				B1234567890ABCDEF0123456F /* HistoryView.swift */,
				B1234567890ABCDEF01234570 /* SettingsView.swift */,
			);
			path = Views;
			sourceTree = "<group>";
		};
		G1234567890ABCDEF0123456E /* Services */ = {
			isa = PBXGroup;
			children = (
				B1234567890ABCDEF0123456A /* TimerService.swift */,
				B1234567890ABCDEF0123456B /* PersistenceController.swift */,
				B1234567890ABCDEF0123456C /* BackgroundTaskService.swift */,
			);
			path = Services;
			sourceTree = "<group>";
		};
		G1234567890ABCDEF0123456F /* Extensions */ = {
			isa = PBXGroup;
			children = (
				B1234567890ABCDEF01234571 /* Date+Extensions.swift */,
			);
			path = Extensions;
			sourceTree = "<group>";
		};
		G1234567890ABCDEF01234570 /* Preview Content */ = {
			isa = PBXGroup;
			children = (
				B1234567890ABCDEF01234573 /* Preview Assets.xcassets */,
			);
			path = "Preview Content";
			sourceTree = "<group>";
		};
/* End PBXGroup section */

/* Begin PBXNativeTarget section */
		E1234567890ABCDEF01234567 /* biomaTIMER */ = {
			isa = PBXNativeTarget;
			buildConfigurationList = H1234567890ABCDEF01234567 /* Build configuration list for PBXNativeTarget "biomaTIMER" */;
			buildPhases = (
				F1234567890ABCDEF01234567 /* Sources */,
				F1234567890ABCDEF01234568 /* Frameworks */,
				F1234567890ABCDEF0123456A /* Resources */,
			);
			buildRules = (
			);
			dependencies = (
			);
			name = biomaTIMER;
			productName = biomaTIMER;
			productReference = E1234567890ABCDEF01234567 /* biomaTIMER.app */;
			productType = "com.apple.product-type.application";
		};
		E1234567890ABCDEF01234568 /* biomaTIMERTests */ = {
			isa = PBXNativeTarget;
			buildConfigurationList = H1234567890ABCDEF01234568 /* Build configuration list for PBXNativeTarget "biomaTIMERTests" */;
			buildPhases = (
				F1234567890ABCDEF01234569 /* Sources */,
				F1234567890ABCDEF0123456B /* Frameworks */,
				F1234567890ABCDEF0123456C /* Resources */,
			);
			buildRules = (
			);
			dependencies = (
				I1234567890ABCDEF01234567 /* PBXTargetDependency */,
			);
			name = biomaTIMERTests;
			productName = biomaTIMERTests;
			productReference = E1234567890ABCDEF01234568 /* biomaTIMERTests.xctest */;
			productType = "com.apple.product-type.bundle.unit-test";
		};
		E1234567890ABCDEF01234569 /* biomaTIMERUITests */ = {
			isa = PBXNativeTarget;
			buildConfigurationList = H1234567890ABCDEF01234569 /* Build configuration list for PBXNativeTarget "biomaTIMERUITests" */;
			buildPhases = (
				F1234567890ABCDEF0123456D /* Sources */,
				F1234567890ABCDEF0123456E /* Frameworks */,
				F1234567890ABCDEF0123456F /* Resources */,
			);
			buildRules = (
			);
			dependencies = (
				I1234567890ABCDEF01234568 /* PBXTargetDependency */,
			);
			name = biomaTIMERUITests;
			productName = biomaTIMERUITests;
			productReference = E1234567890ABCDEF01234569 /* biomaTIMERUITests.xctest */;
			productType = "com.apple.product-type.bundle.ui-testing";
		};
/* End PBXNativeTarget section */

/* Begin PBXProject section */
		D1234567890ABCDEF01234567 /* Project object */ = {
			isa = PBXProject;
			attributes = {
				BuildIndependentTargetsInParallel = 1;
				LastSwiftUpdateCheck = 1540;
				LastUpgradeCheck = 1540;
				TargetAttributes = {
					E1234567890ABCDEF01234567 = {
						CreatedOnToolsVersion = 15.4;
					};
					E1234567890ABCDEF01234568 = {
						CreatedOnToolsVersion = 15.4;
						TestTargetID = E1234567890ABCDEF01234567;
					};
					E1234567890ABCDEF01234569 = {
						CreatedOnToolsVersion = 15.4;
						TestTargetID = E1234567890ABCDEF01234567;
					};
				};
			};
			buildConfigurationList = H1234567890ABCDEF0123456A /* Build configuration list for PBXProject "biomaTIMER" */;
			compatibilityVersion = "Xcode 14.0";
			developmentRegion = en;
			hasScannedForEncodings = 0;
			knownRegions = (
				en,
				Base,
			);
			mainGroup = G1234567890ABCDEF01234567;
			productRefGroup = G1234567890ABCDEF0123456B /* Products */;
			projectDirPath = "";
			projectRoot = "";
			targets = (
				E1234567890ABCDEF01234567 /* biomaTIMER */,
				E1234567890ABCDEF01234568 /* biomaTIMERTests */,
				E1234567890ABCDEF01234569 /* biomaTIMERUITests */,
			);
		};
/* End PBXProject section */

/* Begin PBXResourcesBuildPhase section */
		F1234567890ABCDEF0123456A /* Resources */ = {
			isa = PBXResourcesBuildPhase;
			buildActionMask = 2147483647;
			files = (
				A1234567890ABCDEF01234573 /* Preview Assets.xcassets in Resources */,
				A1234567890ABCDEF01234572 /* Assets.xcassets in Resources */,
			);
			runOnlyForDeploymentPostprocessing = 0;
		};
		F1234567890ABCDEF0123456C /* Resources */ = {
			isa = PBXResourcesBuildPhase;
			buildActionMask = 2147483647;
			files = (
			);
			runOnlyForDeploymentPostprocessing = 0;
		};
		F1234567890ABCDEF0123456F /* Resources */ = {
			isa = PBXResourcesBuildPhase;
			buildActionMask = 2147483647;
			files = (
			);
			runOnlyForDeploymentPostprocessing = 0;
		};
/* End PBXResourcesBuildPhase section */

/* Begin PBXSourcesBuildPhase section */
		F1234567890ABCDEF01234567 /* Sources */ = {
			isa = PBXSourcesBuildPhase;
			buildActionMask = 2147483647;
			files = (
				A1234567890ABCDEF01234567 /* biomaTIMERApp.swift in Sources */,
				A1234567890ABCDEF01234568 /* ContentView.swift in Sources */,
				A1234567890ABCDEF01234569 /* TimerModel.swift in Sources */,
				A1234567890ABCDEF0123456A /* TimerService.swift in Sources */,
				A1234567890ABCDEF0123456B /* PersistenceController.swift in Sources */,
				A1234567890ABCDEF0123456C /* BackgroundTaskService.swift in Sources */,
				A1234567890ABCDEF0123456D /* MainTimerView.swift in Sources */,
				A1234567890ABCDEF0123456E /* ProjectEditorView.swift in Sources */,
				A1234567890ABCDEF0123456F /* HistoryView.swift in Sources */,
				A1234567890ABCDEF01234570 /* SettingsView.swift in Sources */,
				A1234567890ABCDEF01234571 /* Date+Extensions.swift in Sources */,
				A1234567890ABCDEF01234574 /* DataModel.xcdatamodeld in Sources */,
			);
			runOnlyForDeploymentPostprocessing = 0;
		};
		F1234567890ABCDEF01234569 /* Sources */ = {
			isa = PBXSourcesBuildPhase;
			buildActionMask = 2147483647;
			files = (
				A1234567890ABCDEF01234575 /* biomaTIMERTests.swift in Sources */,
			);
			runOnlyForDeploymentPostprocessing = 0;
		};
		F1234567890ABCDEF0123456D /* Sources */ = {
			isa = PBXSourcesBuildPhase;
			buildActionMask = 2147483647;
			files = (
				A1234567890ABCDEF01234576 /* biomaTIMERUITests.swift in Sources */,
				A1234567890ABCDEF01234577 /* biomaTIMERUITestsLaunchTests.swift in Sources */,
			);
			runOnlyForDeploymentPostprocessing = 0;
		};
/* End PBXSourcesBuildPhase section */

/* Begin PBXTargetDependency section */
		I1234567890ABCDEF01234567 /* PBXTargetDependency */ = {
			isa = PBXTargetDependency;
			target = E1234567890ABCDEF01234567 /* biomaTIMER */;
			targetProxy = C1234567890ABCDEF01234567 /* PBXContainerItemProxy */;
		};
		I1234567890ABCDEF01234568 /* PBXTargetDependency */ = {
			isa = PBXTargetDependency;
			target = E1234567890ABCDEF01234567 /* biomaTIMER */;
			targetProxy = C1234567890ABCDEF01234568 /* PBXContainerItemProxy */;
		};
/* End PBXTargetDependency section */

/* Begin XCBuildConfiguration section */
		J1234567890ABCDEF01234567 /* Debug */ = {
			isa = XCBuildConfiguration;
			buildSettings = {
				ALWAYS_SEARCH_USER_PATHS = NO;
				ASSETCATALOG_COMPILER_GENERATE_SWIFT_ASSET_SYMBOL_EXTENSIONS = YES;
				CLANG_ANALYZER_NONNULL = YES;
				CLANG_ANALYZER_NUMBER_OBJECT_CONVERSION = YES_AGGRESSIVE;
				CLANG_CXX_LANGUAGE_STANDARD = "gnu++20";
				CLANG_ENABLE_MODULES = YES;
				CLANG_ENABLE_OBJC_ARC = YES;
				CLANG_ENABLE_OBJC_WEAK = YES;
				CLANG_WARN_BLOCK_CAPTURE_AUTORELEASING = YES;
				CLANG_WARN_BOOL_CONVERSION = YES;
				CLANG_WARN_COMMA = YES;
				CLANG_WARN_CONSTANT_CONVERSION = YES;
				CLANG_WARN_DEPRECATED_OBJC_IMPLEMENTATIONS = YES;
				CLANG_WARN_DIRECT_OBJC_ISA_USAGE = YES_ERROR;
				CLANG_WARN_DOCUMENTATION_COMMENTS = YES;
				CLANG_WARN_EMPTY_BODY = YES;
				CLANG_WARN_ENUM_CONVERSION = YES;
				CLANG_WARN_INFINITE_RECURSION = YES;
				CLANG_WARN_INT_CONVERSION = YES;
				CLANG_WARN_NON_LITERAL_NULL_CONVERSION = YES;
				CLANG_WARN_OBJC_IMPLICIT_RETAIN_SELF = YES;
				CLANG_WARN_OBJC_LITERAL_CONVERSION = YES;
				CLANG_WARN_OBJC_ROOT_CLASS = YES_ERROR;
				CLANG_WARN_QUOTED_INCLUDE_IN_FRAMEWORK_HEADER = YES;
				CLANG_WARN_RANGE_LOOP_ANALYSIS = YES;
				CLANG_WARN_STRICT_PROTOTYPES = YES;
				CLANG_WARN_SUSPICIOUS_MOVE = YES;
				CLANG_WARN_UNGUARDED_AVAILABILITY = YES_AGGRESSIVE;
				CLANG_WARN_UNREACHABLE_CODE = YES;
				CLANG_WARN__DUPLICATE_METHOD_MATCH = YES;
				COPY_PHASE_STRIP = NO;
				DEBUG_INFORMATION_FORMAT = dwarf;
				ENABLE_STRICT_OBJC_MSGSEND = YES;
				ENABLE_TESTABILITY = YES;
				ENABLE_USER_SCRIPT_SANDBOXING = YES;
				GCC_C_LANGUAGE_STANDARD = gnu17;
				GCC_DYNAMIC_NO_PIC = NO;
				GCC_NO_COMMON_BLOCKS = YES;
				GCC_OPTIMIZATION_LEVEL = 0;
				GCC_PREPROCESSOR_DEFINITIONS = (
					"DEBUG=1",
					"$(inherited)",
				);
				GCC_WARN_64_TO_32_BIT_CONVERSION = YES;
				GCC_WARN_ABOUT_RETURN_TYPE = YES_ERROR;
				GCC_WARN_UNDECLARED_SELECTOR = YES;
				GCC_WARN_UNINITIALIZED_AUTOS = YES_AGGRESSIVE;
				GCC_WARN_UNUSED_FUNCTION = YES;
				GCC_WARN_UNUSED_VARIABLE = YES;
				IPHONEOS_DEPLOYMENT_TARGET = 17.5;
				LOCALIZATION_PREFERS_STRING_CATALOGS = YES;
				MTL_ENABLE_DEBUG_INFO = INCLUDE_SOURCE;
				MTL_FAST_MATH = YES;
				ONLY_ACTIVE_ARCH = YES;
				SDKROOT = iphoneos;
				SWIFT_ACTIVE_COMPILATION_CONDITIONS = "DEBUG $(inherited)";
				SWIFT_OPTIMIZATION_LEVEL = "-Onone";
			};
			name = Debug;
		};
		J1234567890ABCDEF01234568 /* Release */ = {
			isa = XCBuildConfiguration;
			buildSettings = {
				ALWAYS_SEARCH_USER_PATHS = NO;
				ASSETCATALOG_COMPILER_GENERATE_SWIFT_ASSET_SYMBOL_EXTENSIONS = YES;
				CLANG_ANALYZER_NONNULL = YES;
				CLANG_ANALYZER_NUMBER_OBJECT_CONVERSION = YES_AGGRESSIVE;
				CLANG_CXX_LANGUAGE_STANDARD = "gnu++20";
				CLANG_ENABLE_MODULES = YES;
				CLANG_ENABLE_OBJC_ARC = YES;
				CLANG_ENABLE_OBJC_WEAK = YES;
				CLANG_WARN_BLOCK_CAPTURE_AUTORELEASING = YES;
				CLANG_WARN_BOOL_CONVERSION = YES;
				CLANG_WARN_COMMA = YES;
				CLANG_WARN_CONSTANT_CONVERSION = YES;
				CLANG_WARN_DEPRECATED_OBJC_IMPLEMENTATIONS = YES;
				CLANG_WARN_DIRECT_OBJC_ISA_USAGE = YES_ERROR;
				CLANG_WARN_DOCUMENTATION_COMMENTS = YES;
				CLANG_WARN_EMPTY_BODY = YES;
				CLANG_WARN_ENUM_CONVERSION = YES;
				CLANG_WARN_INFINITE_RECURSION = YES;
				CLANG_WARN_INT_CONVERSION = YES;
				CLANG_WARN_NON_LITERAL_NULL_CONVERSION = YES;
				CLANG_WARN_OBJC_IMPLICIT_RETAIN_SELF = YES;
				CLANG_WARN_OBJC_LITERAL_CONVERSION = YES;
				CLANG_WARN_OBJC_ROOT_CLASS = YES_ERROR;
				CLANG_WARN_QUOTED_INCLUDE_IN_FRAMEWORK_HEADER = YES;
				CLANG_WARN_RANGE_LOOP_ANALYSIS = YES;
				CLANG_WARN_STRICT_PROTOTYPES = YES;
				CLANG_WARN_SUSPICIOUS_MOVE = YES;
				CLANG_WARN_UNGUARDED_AVAILABILITY = YES_AGGRESSIVE;
				CLANG_WARN_UNREACHABLE_CODE = YES;
				CLANG_WARN__DUPLICATE_METHOD_MATCH = YES;
				COPY_PHASE_STRIP = NO;
				DEBUG_INFORMATION_FORMAT = "dwarf-with-dsym";
				ENABLE_NS_ASSERTIONS = NO;
				ENABLE_STRICT_OBJC_MSGSEND = YES;
				ENABLE_USER_SCRIPT_SANDBOXING = YES;
				GCC_C_LANGUAGE_STANDARD = gnu17;
				GCC_NO_COMMON_BLOCKS = YES;
				GCC_WARN_64_TO_32_BIT_CONVERSION = YES;
				GCC_WARN_ABOUT_RETURN_TYPE = YES_ERROR;
				GCC_WARN_UNDECLARED_SELECTOR = YES;
				GCC_WARN_UNINITIALIZED_AUTOS = YES_AGGRESSIVE;
				GCC_WARN_UNUSED_FUNCTION = YES;
				GCC_WARN_UNUSED_VARIABLE = YES;
				IPHONEOS_DEPLOYMENT_TARGET = 17.5;
				LOCALIZATION_PREFERS_STRING_CATALOGS = YES;
				MTL_ENABLE_DEBUG_INFO = NO;
				MTL_FAST_MATH = YES;
				SDKROOT = iphoneos;
				SWIFT_COMPILATION_MODE = wholemodule;
				VALIDATE_PRODUCT = YES;
			};
			name = Release;
		};
		J1234567890ABCDEF01234569 /* Debug */ = {
			isa = XCBuildConfiguration;
			buildSettings = {
				ASSETCATALOG_COMPILER_APPICON_NAME = AppIcon;
				ASSETCATALOG_COMPILER_GLOBAL_ACCENT_COLOR_NAME = AccentColor;
				CODE_SIGN_STYLE = Automatic;
				CURRENT_PROJECT_VERSION = 1;
				DEVELOPMENT_ASSET_PATHS = "\"biomaTIMER/Preview Content\"";
				ENABLE_PREVIEWS = YES;
				GENERATE_INFOPLIST_FILE = YES;
				INFOPLIST_FILE = biomaTIMER/Info.plist;
				INFOPLIST_KEY_UIApplicationSceneManifest_Generation = YES;
				INFOPLIST_KEY_UIApplicationSupportsIndirectInputEvents = YES;
				INFOPLIST_KEY_UILaunchScreen_Generation = YES;
				INFOPLIST_KEY_UISupportedInterfaceOrientations_iPad = "UIInterfaceOrientationPortrait UIInterfaceOrientationPortraitUpsideDown UIInterfaceOrientationLandscapeLeft UIInterfaceOrientationLandscapeRight";
				INFOPLIST_KEY_UISupportedInterfaceOrientations_iPhone = "UIInterfaceOrientationPortrait UIInterfaceOrientationLandscapeLeft UIInterfaceOrientationLandscapeRight";
				LD_RUNPATH_SEARCH_PATHS = (
					"$(inherited)",
					"@executable_path/Frameworks",
				);
				MARKETING_VERSION = 1.0;
				PRODUCT_BUNDLE_IDENTIFIER = com.rtasseff.biomaTIMER;
				PRODUCT_NAME = "$(TARGET_NAME)";
				SWIFT_EMIT_LOC_STRINGS = YES;
				SWIFT_VERSION = 5.0;
				TARGETED_DEVICE_FAMILY = "1,2";
			};
			name = Debug;
		};
		J1234567890ABCDEF0123456A /* Release */ = {
			isa = XCBuildConfiguration;
			buildSettings = {
				ASSETCATALOG_COMPILER_APPICON_NAME = AppIcon;
				ASSETCATALOG_COMPILER_GLOBAL_ACCENT_COLOR_NAME = AccentColor;
				CODE_SIGN_STYLE = Automatic;
				CURRENT_PROJECT_VERSION = 1;
				DEVELOPMENT_ASSET_PATHS = "\"biomaTIMER/Preview Content\"";
				ENABLE_PREVIEWS = YES;
				GENERATE_INFOPLIST_FILE = YES;
				INFOPLIST_FILE = biomaTIMER/Info.plist;
				INFOPLIST_KEY_UIApplicationSceneManifest_Generation = YES;
				INFOPLIST_KEY_UIApplicationSupportsIndirectInputEvents = YES;
				INFOPLIST_KEY_UILaunchScreen_Generation = YES;
				INFOPLIST_KEY_UISupportedInterfaceOrientations_iPad = "UIInterfaceOrientationPortrait UIInterfaceOrientationPortraitUpsideDown UIInterfaceOrientationLandscapeLeft UIInterfaceOrientationLandscapeRight";
				INFOPLIST_KEY_UISupportedInterfaceOrientations_iPhone = "UIInterfaceOrientationPortrait UIInterfaceOrientationLandscapeLeft UIInterfaceOrientationLandscapeRight";
				LD_RUNPATH_SEARCH_PATHS = (
					"$(inherited)",
					"@executable_path/Frameworks",
				);
				MARKETING_VERSION = 1.0;
				PRODUCT_BUNDLE_IDENTIFIER = com.rtasseff.biomaTIMER;
				PRODUCT_NAME = "$(TARGET_NAME)";
				SWIFT_EMIT_LOC_STRINGS = YES;
				SWIFT_VERSION = 5.0;
				TARGETED_DEVICE_FAMILY = "1,2";
			};
			name = Release;
		};
		J1234567890ABCDEF0123456B /* Debug */ = {
			isa = XCBuildConfiguration;
			buildSettings = {
				ALWAYS_EMBED_SWIFT_STANDARD_LIBRARIES = YES;
				BUNDLE_LOADER = "$(TEST_HOST)";
				CODE_SIGN_STYLE = Automatic;
				CURRENT_PROJECT_VERSION = 1;
				GENERATE_INFOPLIST_FILE = YES;
				IPHONEOS_DEPLOYMENT_TARGET = 17.5;
				MARKETING_VERSION = 1.0;
				PRODUCT_BUNDLE_IDENTIFIER = com.rtasseff.biomaTIMERTests;
				PRODUCT_NAME = "$(TARGET_NAME)";
				SWIFT_EMIT_LOC_STRINGS = NO;
				SWIFT_VERSION = 5.0;
				TARGETED_DEVICE_FAMILY = "1,2";
				TEST_HOST = "$(BUILT_PRODUCTS_DIR)/biomaTIMER.app/$(BUNDLE_EXECUTABLE_FOLDER_PATH)/biomaTIMER";
			};
			name = Debug;
		};
		J1234567890ABCDEF0123456C /* Release */ = {
			isa = XCBuildConfiguration;
			buildSettings = {
				ALWAYS_EMBED_SWIFT_STANDARD_LIBRARIES = YES;
				BUNDLE_LOADER = "$(TEST_HOST)";
				CODE_SIGN_STYLE = Automatic;
				CURRENT_PROJECT_VERSION = 1;
				GENERATE_INFOPLIST_FILE = YES;
				IPHONEOS_DEPLOYMENT_TARGET = 17.5;
				MARKETING_VERSION = 1.0;
				PRODUCT_BUNDLE_IDENTIFIER = com.rtasseff.biomaTIMERTests;
				PRODUCT_NAME = "$(TARGET_NAME)";
				SWIFT_EMIT_LOC_STRINGS = NO;
				SWIFT_VERSION = 5.0;
				TARGETED_DEVICE_FAMILY = "1,2";
				TEST_HOST = "$(BUILT_PRODUCTS_DIR)/biomaTIMER.app/$(BUNDLE_EXECUTABLE_FOLDER_PATH)/biomaTIMER";
			};
			name = Debug;
		};
		J1234567890ABCDEF0123456D /* Debug */ = {
			isa = XCBuildConfiguration;
			buildSettings = {
				ALWAYS_EMBED_SWIFT_STANDARD_LIBRARIES = YES;
				CODE_SIGN_STYLE = Automatic;
				CURRENT_PROJECT_VERSION = 1;
				GENERATE_INFOPLIST_FILE = YES;
				MARKETING_VERSION = 1.0;
				PRODUCT_BUNDLE_IDENTIFIER = com.rtasseff.biomaTIMERUITests;
				PRODUCT_NAME = "$(TARGET_NAME)";
				SWIFT_EMIT_LOC_STRINGS = NO;
				SWIFT_VERSION = 5.0;
				TARGETED_DEVICE_FAMILY = "1,2";
				TEST_TARGET_NAME = biomaTIMER;
			};
			name = Debug;
		};
		J1234567890ABCDEF0123456E /* Release */ = {
			isa = XCBuildConfiguration;
			buildSettings = {
				ALWAYS_EMBED_SWIFT_STANDARD_LIBRARIES = YES;
				CODE_SIGN_STYLE = Automatic;
				CURRENT_PROJECT_VERSION = 1;
				GENERATE_INFOPLIST_FILE = YES;
				MARKETING_VERSION = 1.0;
				PRODUCT_BUNDLE_IDENTIFIER = com.rtasseff.biomaTIMERUITests;
				PRODUCT_NAME = "$(TARGET_NAME)";
				SWIFT_EMIT_LOC_STRINGS = NO;
				SWIFT_VERSION = 5.0;
				TARGETED_DEVICE_FAMILY = "1,2";
				TEST_TARGET_NAME = biomaTIMER;
			};
			name = Release;
		};
/* End XCBuildConfiguration section */

/* Begin XCConfigurationList section */
		H1234567890ABCDEF0123456A /* Build configuration list for PBXProject "biomaTIMER" */ = {
			isa = XCConfigurationList;
			buildConfigurations = (
				J1234567890ABCDEF01234567 /* Debug */,
				J1234567890ABCDEF01234568 /* Release */,
			);
			defaultConfigurationIsVisible = 0;
			defaultConfigurationName = Release;
		};
		H1234567890ABCDEF01234567 /* Build configuration list for PBXNativeTarget "biomaTIMER" */ = {
			isa = XCConfigurationList;
			buildConfigurations = (
				J1234567890ABCDEF01234569 /* Debug */,
				J1234567890ABCDEF0123456A /* Release */,
			);
			defaultConfigurationIsVisible = 0;
			defaultConfigurationName = Release;
		};
		H1234567890ABCDEF01234568 /* Build configuration list for PBXNativeTarget "biomaTIMERTests" */ = {
			isa = XCConfigurationList;
			buildConfigurations = (
				J1234567890ABCDEF0123456B /* Debug */,
				J1234567890ABCDEF0123456C /* Release */,
			);
			defaultConfigurationIsVisible = 0;
			defaultConfigurationName = Release;
		};
		H1234567890ABCDEF01234569 /* Build configuration list for PBXNativeTarget "biomaTIMERUITests" */ = {
			isa = XCConfigurationList;
			buildConfigurations = (
				J1234567890ABCDEF0123456D /* Debug */,
				J1234567890ABCDEF0123456E /* Release */,
			);
			defaultConfigurationIsVisible = 0;
			defaultConfigurationName = Release;
		};
/* End XCConfigurationList section */

/* Begin XCVersionGroup section */
		B1234567890ABCDEF01234574 /* DataModel.xcdatamodeld */ = {
			isa = XCVersionGroup;
			children = (
				K1234567890ABCDEF01234567 /* DataModel.xcdatamodel */,
			);
			currentVersion = K1234567890ABCDEF01234567 /* DataModel.xcdatamodel */;
			path = DataModel.xcdatamodeld;
			sourceTree = "<group>";
			versionGroupType = wrapper.xcdatamodel;
		};
/* End XCVersionGroup section */
	};
	rootObject = D1234567890ABCDEF01234567 /* Project object */;
}